
Microsoft Visual Studio Solution File, Format Version 10.00
# Visual Studio 2008
Project("{8BC9CEB8-8B4A-11D0-8D11-00A0C91BC942}") = "MatDb", "MatDb\MatDb.vcproj", "{A612E209-FD2E-4341-BD13-118FD7D39C64}"
EndProject
Project("{8BC9CEB8-8B4A-11D0-8D11-00A0C91BC942}") = "DrillCalc", "DrillCalc\DrillCalc.vcproj", "{E0215DB6-616D-4B39-B932-8362AB244F04}"
EndProject
Project("{8BC9CEB8-8B4A-11D0-8D11-00A0C91BC942}") = "SystemMetrics", "SystemMetrics\SystemMetrics.vcproj", "{512D3246-826A-46BD-A412-3D9A3403FAC2}"
EndProject
Project("{8BC9CEB8-8B4A-11D0-8D11-00A0C91BC942}") = "SysColor", "SysColor\SysColor.vcproj", "{31EF0D49-2F51-493A-A235-08C5AEFE126F}"
EndProject
Project("{8BC9CEB8-8B4A-11D0-8D11-00A0C91BC942}") = "LatheCalc", "LatheCalc\LatheCalc.vcproj", "{BBDDDA9C-F06E-48FE-874C-815923CC3376}"
EndProject
Project("{8BC9CEB8-8B4A-11D0-8D11-00A0C91BC942}") = "MillCalc", "MillCalc\MillCalc.vcproj", "{FC27C1FF-BC7B-4E55-B24F-9B9BB333CF3A}"
EndProject
Project("{8BC9CEB8-8B4A-11D0-8D11-00A0C91BC942}") = "WrkShpCalc", "WrkShpCalc\WrkShpCalc.vcproj", "{198C1566-7713-40F4-A528-0FDE7AE354A7}"
EndProject
Project("{8BC9CEB8-8B4A-11D0-8D11-00A0C91BC942}") = "TapCalc", "TapCalc\TapCalc.vcproj", "{34EBFEDA-CDB9-4549-B819-5F808584EB96}"
EndProject
Project("{8BC9CEB8-8B4A-11D0-8D11-00A0C91BC942}") = "TireCalc", "TireCalc\TireCalc.vcproj", "{2D244F4C-6BF8-483C-AAEB-5ACF3E8FA05A}"
EndProject
Project("{8BC9CEB8-8B4A-11D0-8D11-00A0C91BC942}") = "ThunderCalc", "ThunderCalc\ThunderCalc.vcproj", "{A005D282-0780-43B2-83AE-CC6FD1F6C085}"
EndProject
Project("{8BC9CEB8-8B4A-11D0-8D11-00A0C91BC942}") = "NewtonCalc", "NewtonCalc\NewtonCalc.vcproj", "{9214FC66-7214-414F-9D6C-60FCBD981B3D}"
EndProject
Project("{8BC9CEB8-8B4A-11D0-8D11-00A0C91BC942}") = "ParserCalc", "ParserCalc\ParserCalc.vcproj", "{4C2D8D27-2666-4422-A64B-DFA0449A71A7}"
EndProject
Project("{8BC9CEB8-8B4A-11D0-8D11-00A0C91BC942}") = "AutoRun", "AutoRun\AutoRun.vcproj", "{30002A00-42DA-46AD-ACE9-93123E2E3237}"
EndProject
Project("{8BC9CEB8-8B4A-11D0-8D11-00A0C91BC942}") = "StockCalc", "StockCalc\StockCalc.vcproj", "{EABD9BC9-7903-4C89-A96A-4D624568A714}"
EndProject
Global
	GlobalSection(SolutionConfigurationPlatforms) = preSolution
		Debug|Mixed Platforms = Debug|Mixed Platforms
		Debug|Pocket PC 2003 (ARMV4) = Debug|Pocket PC 2003 (ARMV4)
		Debug|Win32 = Debug|Win32
		Debug|Windows Mobile 5.0 Pocket PC SDK (ARMV4I) = Debug|Windows Mobile 5.0 Pocket PC SDK (ARMV4I)
		Debug|Windows Mobile 5.0 Smartphone SDK (ARMV4I) = Debug|Windows Mobile 5.0 Smartphone SDK (ARMV4I)
		Debug|Windows Mobile 6 Professional SDK (ARMV4I) = Debug|Windows Mobile 6 Professional SDK (ARMV4I)
		Debug|Windows Mobile 6 Standard SDK (ARMV4I) = Debug|Windows Mobile 6 Standard SDK (ARMV4I)
		Release|Mixed Platforms = Release|Mixed Platforms
		Release|Pocket PC 2003 (ARMV4) = Release|Pocket PC 2003 (ARMV4)
		Release|Win32 = Release|Win32
		Release|Windows Mobile 5.0 Pocket PC SDK (ARMV4I) = Release|Windows Mobile 5.0 Pocket PC SDK (ARMV4I)
		Release|Windows Mobile 5.0 Smartphone SDK (ARMV4I) = Release|Windows Mobile 5.0 Smartphone SDK (ARMV4I)
		Release|Windows Mobile 6 Professional SDK (ARMV4I) = Release|Windows Mobile 6 Professional SDK (ARMV4I)
		Release|Windows Mobile 6 Standard SDK (ARMV4I) = Release|Windows Mobile 6 Standard SDK (ARMV4I)
	EndGlobalSection
	GlobalSection(ProjectConfigurationPlatforms) = postSolution
		{A612E209-FD2E-4341-BD13-118FD7D39C64}.Debug|Mixed Platforms.ActiveCfg = Debug|Windows Mobile 6 Professional SDK (ARMV4I)
		{A612E209-FD2E-4341-BD13-118FD7D39C64}.Debug|Mixed Platforms.Build.0 = Debug|Windows Mobile 6 Professional SDK (ARMV4I)
		{A612E209-FD2E-4341-BD13-118FD7D39C64}.Debug|Mixed Platforms.Deploy.0 = Debug|Windows Mobile 6 Professional SDK (ARMV4I)
		{A612E209-FD2E-4341-BD13-118FD7D39C64}.Debug|Pocket PC 2003 (ARMV4).ActiveCfg = Debug|Pocket PC 2003 (ARMV4)
		{A612E209-FD2E-4341-BD13-118FD7D39C64}.Debug|Pocket PC 2003 (ARMV4).Build.0 = Debug|Pocket PC 2003 (ARMV4)
		{A612E209-FD2E-4341-BD13-118FD7D39C64}.Debug|Pocket PC 2003 (ARMV4).Deploy.0 = Debug|Pocket PC 2003 (ARMV4)
		{A612E209-FD2E-4341-BD13-118FD7D39C64}.Debug|Win32.ActiveCfg = Debug|Windows Mobile 6 Professional SDK (ARMV4I)
		{A612E209-FD2E-4341-BD13-118FD7D39C64}.Debug|Windows Mobile 5.0 Pocket PC SDK (ARMV4I).ActiveCfg = Debug|Windows Mobile 5.0 Pocket PC SDK (ARMV4I)
		{A612E209-FD2E-4341-BD13-118FD7D39C64}.Debug|Windows Mobile 5.0 Pocket PC SDK (ARMV4I).Build.0 = Debug|Windows Mobile 5.0 Pocket PC SDK (ARMV4I)
		{A612E209-FD2E-4341-BD13-118FD7D39C64}.Debug|Windows Mobile 5.0 Pocket PC SDK (ARMV4I).Deploy.0 = Debug|Windows Mobile 5.0 Pocket PC SDK (ARMV4I)
		{A612E209-FD2E-4341-BD13-118FD7D39C64}.Debug|Windows Mobile 5.0 Smartphone SDK (ARMV4I).ActiveCfg = Debug|Windows Mobile 5.0 Pocket PC SDK (ARMV4I)
		{A612E209-FD2E-4341-BD13-118FD7D39C64}.Debug|Windows Mobile 6 Professional SDK (ARMV4I).ActiveCfg = Debug|Windows Mobile 6 Professional SDK (ARMV4I)
		{A612E209-FD2E-4341-BD13-118FD7D39C64}.Debug|Windows Mobile 6 Professional SDK (ARMV4I).Build.0 = Debug|Windows Mobile 6 Professional SDK (ARMV4I)
		{A612E209-FD2E-4341-BD13-118FD7D39C64}.Debug|Windows Mobile 6 Professional SDK (ARMV4I).Deploy.0 = Debug|Windows Mobile 6 Professional SDK (ARMV4I)
		{A612E209-FD2E-4341-BD13-118FD7D39C64}.Debug|Windows Mobile 6 Standard SDK (ARMV4I).ActiveCfg = Debug|Windows Mobile 6 Professional SDK (ARMV4I)
		{A612E209-FD2E-4341-BD13-118FD7D39C64}.Release|Mixed Platforms.ActiveCfg = Release|Windows Mobile 6 Professional SDK (ARMV4I)
		{A612E209-FD2E-4341-BD13-118FD7D39C64}.Release|Mixed Platforms.Build.0 = Release|Windows Mobile 6 Professional SDK (ARMV4I)
		{A612E209-FD2E-4341-BD13-118FD7D39C64}.Release|Mixed Platforms.Deploy.0 = Release|Windows Mobile 6 Professional SDK (ARMV4I)
		{A612E209-FD2E-4341-BD13-118FD7D39C64}.Release|Pocket PC 2003 (ARMV4).ActiveCfg = Release|Pocket PC 2003 (ARMV4)
		{A612E209-FD2E-4341-BD13-118FD7D39C64}.Release|Pocket PC 2003 (ARMV4).Build.0 = Release|Pocket PC 2003 (ARMV4)
		{A612E209-FD2E-4341-BD13-118FD7D39C64}.Release|Pocket PC 2003 (ARMV4).Deploy.0 = Release|Pocket PC 2003 (ARMV4)
		{A612E209-FD2E-4341-BD13-118FD7D39C64}.Release|Win32.ActiveCfg = Release|Windows Mobile 6 Professional SDK (ARMV4I)
		{A612E209-FD2E-4341-BD13-118FD7D39C64}.Release|Windows Mobile 5.0 Pocket PC SDK (ARMV4I).ActiveCfg = Release|Windows Mobile 5.0 Pocket PC SDK (ARMV4I)
		{A612E209-FD2E-4341-BD13-118FD7D39C64}.Release|Windows Mobile 5.0 Pocket PC SDK (ARMV4I).Build.0 = Release|Windows Mobile 5.0 Pocket PC SDK (ARMV4I)
		{A612E209-FD2E-4341-BD13-118FD7D39C64}.Release|Windows Mobile 5.0 Pocket PC SDK (ARMV4I).Deploy.0 = Release|Windows Mobile 5.0 Pocket PC SDK (ARMV4I)
		{A612E209-FD2E-4341-BD13-118FD7D39C64}.Release|Windows Mobile 5.0 Smartphone SDK (ARMV4I).ActiveCfg = Release|Windows Mobile 5.0 Pocket PC SDK (ARMV4I)
		{A612E209-FD2E-4341-BD13-118FD7D39C64}.Release|Windows Mobile 6 Professional SDK (ARMV4I).ActiveCfg = Release|Windows Mobile 6 Professional SDK (ARMV4I)
		{A612E209-FD2E-4341-BD13-118FD7D39C64}.Release|Windows Mobile 6 Professional SDK (ARMV4I).Build.0 = Release|Windows Mobile 6 Professional SDK (ARMV4I)
		{A612E209-FD2E-4341-BD13-118FD7D39C64}.Release|Windows Mobile 6 Professional SDK (ARMV4I).Deploy.0 = Release|Windows Mobile 6 Professional SDK (ARMV4I)
		{A612E209-FD2E-4341-BD13-118FD7D39C64}.Release|Windows Mobile 6 Standard SDK (ARMV4I).ActiveCfg = Release|Windows Mobile 6 Professional SDK (ARMV4I)
		{E0215DB6-616D-4B39-B932-8362AB244F04}.Debug|Mixed Platforms.ActiveCfg = Debug|Windows Mobile 6 Professional SDK (ARMV4I)
		{E0215DB6-616D-4B39-B932-8362AB244F04}.Debug|Mixed Platforms.Build.0 = Debug|Windows Mobile 6 Professional SDK (ARMV4I)
		{E0215DB6-616D-4B39-B932-8362AB244F04}.Debug|Mixed Platforms.Deploy.0 = Debug|Windows Mobile 6 Professional SDK (ARMV4I)
		{E0215DB6-616D-4B39-B932-8362AB244F04}.Debug|Pocket PC 2003 (ARMV4).ActiveCfg = Debug|Pocket PC 2003 (ARMV4)
		{E0215DB6-616D-4B39-B932-8362AB244F04}.Debug|Pocket PC 2003 (ARMV4).Build.0 = Debug|Pocket PC 2003 (ARMV4)
		{E0215DB6-616D-4B39-B932-8362AB244F04}.Debug|Pocket PC 2003 (ARMV4).Deploy.0 = Debug|Pocket PC 2003 (ARMV4)
		{E0215DB6-616D-4B39-B932-8362AB244F04}.Debug|Win32.ActiveCfg = Debug|Windows Mobile 6 Professional SDK (ARMV4I)
		{E0215DB6-616D-4B39-B932-8362AB244F04}.Debug|Windows Mobile 5.0 Pocket PC SDK (ARMV4I).ActiveCfg = Debug|Windows Mobile 5.0 Pocket PC SDK (ARMV4I)
		{E0215DB6-616D-4B39-B932-8362AB244F04}.Debug|Windows Mobile 5.0 Pocket PC SDK (ARMV4I).Build.0 = Debug|Windows Mobile 5.0 Pocket PC SDK (ARMV4I)
		{E0215DB6-616D-4B39-B932-8362AB244F04}.Debug|Windows Mobile 5.0 Pocket PC SDK (ARMV4I).Deploy.0 = Debug|Windows Mobile 5.0 Pocket PC SDK (ARMV4I)
		{E0215DB6-616D-4B39-B932-8362AB244F04}.Debug|Windows Mobile 5.0 Smartphone SDK (ARMV4I).ActiveCfg = Debug|Windows Mobile 5.0 Pocket PC SDK (ARMV4I)
		{E0215DB6-616D-4B39-B932-8362AB244F04}.Debug|Windows Mobile 6 Professional SDK (ARMV4I).ActiveCfg = Debug|Windows Mobile 6 Professional SDK (ARMV4I)
		{E0215DB6-616D-4B39-B932-8362AB244F04}.Debug|Windows Mobile 6 Professional SDK (ARMV4I).Build.0 = Debug|Windows Mobile 6 Professional SDK (ARMV4I)
		{E0215DB6-616D-4B39-B932-8362AB244F04}.Debug|Windows Mobile 6 Professional SDK (ARMV4I).Deploy.0 = Debug|Windows Mobile 6 Professional SDK (ARMV4I)
		{E0215DB6-616D-4B39-B932-8362AB244F04}.Debug|Windows Mobile 6 Standard SDK (ARMV4I).ActiveCfg = Debug|Windows Mobile 6 Professional SDK (ARMV4I)
		{E0215DB6-616D-4B39-B932-8362AB244F04}.Release|Mixed Platforms.ActiveCfg = Release|Windows Mobile 6 Professional SDK (ARMV4I)
		{E0215DB6-616D-4B39-B932-8362AB244F04}.Release|Mixed Platforms.Build.0 = Release|Windows Mobile 6 Professional SDK (ARMV4I)
		{E0215DB6-616D-4B39-B932-8362AB244F04}.Release|Mixed Platforms.Deploy.0 = Release|Windows Mobile 6 Professional SDK (ARMV4I)
		{E0215DB6-616D-4B39-B932-8362AB244F04}.Release|Pocket PC 2003 (ARMV4).ActiveCfg = Release|Pocket PC 2003 (ARMV4)
		{E0215DB6-616D-4B39-B932-8362AB244F04}.Release|Pocket PC 2003 (ARMV4).Build.0 = Release|Pocket PC 2003 (ARMV4)
		{E0215DB6-616D-4B39-B932-8362AB244F04}.Release|Pocket PC 2003 (ARMV4).Deploy.0 = Release|Pocket PC 2003 (ARMV4)
		{E0215DB6-616D-4B39-B932-8362AB244F04}.Release|Win32.ActiveCfg = Release|Windows Mobile 6 Professional SDK (ARMV4I)
		{E0215DB6-616D-4B39-B932-8362AB244F04}.Release|Windows Mobile 5.0 Pocket PC SDK (ARMV4I).ActiveCfg = Release|Windows Mobile 5.0 Pocket PC SDK (ARMV4I)
		{E0215DB6-616D-4B39-B932-8362AB244F04}.Release|Windows Mobile 5.0 Pocket PC SDK (ARMV4I).Build.0 = Release|Windows Mobile 5.0 Pocket PC SDK (ARMV4I)
		{E0215DB6-616D-4B39-B932-8362AB244F04}.Release|Windows Mobile 5.0 Pocket PC SDK (ARMV4I).Deploy.0 = Release|Windows Mobile 5.0 Pocket PC SDK (ARMV4I)
		{E0215DB6-616D-4B39-B932-8362AB244F04}.Release|Windows Mobile 5.0 Smartphone SDK (ARMV4I).ActiveCfg = Release|Windows Mobile 5.0 Pocket PC SDK (ARMV4I)
		{E0215DB6-616D-4B39-B932-8362AB244F04}.Release|Windows Mobile 6 Professional SDK (ARMV4I).ActiveCfg = Release|Windows Mobile 6 Professional SDK (ARMV4I)
		{E0215DB6-616D-4B39-B932-8362AB244F04}.Release|Windows Mobile 6 Professional SDK (ARMV4I).Build.0 = Release|Windows Mobile 6 Professional SDK (ARMV4I)
		{E0215DB6-616D-4B39-B932-8362AB244F04}.Release|Windows Mobile 6 Professional SDK (ARMV4I).Deploy.0 = Release|Windows Mobile 6 Professional SDK (ARMV4I)
		{E0215DB6-616D-4B39-B932-8362AB244F04}.Release|Windows Mobile 6 Standard SDK (ARMV4I).ActiveCfg = Release|Windows Mobile 6 Professional SDK (ARMV4I)
		{512D3246-826A-46BD-A412-3D9A3403FAC2}.Debug|Mixed Platforms.ActiveCfg = Debug|Windows Mobile 6 Professional SDK (ARMV4I)
		{512D3246-826A-46BD-A412-3D9A3403FAC2}.Debug|Mixed Platforms.Build.0 = Debug|Windows Mobile 6 Professional SDK (ARMV4I)
		{512D3246-826A-46BD-A412-3D9A3403FAC2}.Debug|Mixed Platforms.Deploy.0 = Debug|Windows Mobile 6 Professional SDK (ARMV4I)
		{512D3246-826A-46BD-A412-3D9A3403FAC2}.Debug|Pocket PC 2003 (ARMV4).ActiveCfg = Debug|Pocket PC 2003 (ARMV4)
		{512D3246-826A-46BD-A412-3D9A3403FAC2}.Debug|Pocket PC 2003 (ARMV4).Build.0 = Debug|Pocket PC 2003 (ARMV4)
		{512D3246-826A-46BD-A412-3D9A3403FAC2}.Debug|Pocket PC 2003 (ARMV4).Deploy.0 = Debug|Pocket PC 2003 (ARMV4)
		{512D3246-826A-46BD-A412-3D9A3403FAC2}.Debug|Win32.ActiveCfg = Debug|Windows Mobile 6 Professional SDK (ARMV4I)
		{512D3246-826A-46BD-A412-3D9A3403FAC2}.Debug|Windows Mobile 5.0 Pocket PC SDK (ARMV4I).ActiveCfg = Debug|Windows Mobile 5.0 Pocket PC SDK (ARMV4I)
		{512D3246-826A-46BD-A412-3D9A3403FAC2}.Debug|Windows Mobile 5.0 Pocket PC SDK (ARMV4I).Build.0 = Debug|Windows Mobile 5.0 Pocket PC SDK (ARMV4I)
		{512D3246-826A-46BD-A412-3D9A3403FAC2}.Debug|Windows Mobile 5.0 Pocket PC SDK (ARMV4I).Deploy.0 = Debug|Windows Mobile 5.0 Pocket PC SDK (ARMV4I)
		{512D3246-826A-46BD-A412-3D9A3403FAC2}.Debug|Windows Mobile 5.0 Smartphone SDK (ARMV4I).ActiveCfg = Debug|Windows Mobile 5.0 Pocket PC SDK (ARMV4I)
		{512D3246-826A-46BD-A412-3D9A3403FAC2}.Debug|Windows Mobile 6 Professional SDK (ARMV4I).ActiveCfg = Debug|Windows Mobile 6 Professional SDK (ARMV4I)
		{512D3246-826A-46BD-A412-3D9A3403FAC2}.Debug|Windows Mobile 6 Professional SDK (ARMV4I).Build.0 = Debug|Windows Mobile 6 Professional SDK (ARMV4I)
		{512D3246-826A-46BD-A412-3D9A3403FAC2}.Debug|Windows Mobile 6 Professional SDK (ARMV4I).Deploy.0 = Debug|Windows Mobile 6 Professional SDK (ARMV4I)
		{512D3246-826A-46BD-A412-3D9A3403FAC2}.Debug|Windows Mobile 6 Standard SDK (ARMV4I).ActiveCfg = Debug|Windows Mobile 6 Professional SDK (ARMV4I)
		{512D3246-826A-46BD-A412-3D9A3403FAC2}.Release|Mixed Platforms.ActiveCfg = Release|Windows Mobile 6 Professional SDK (ARMV4I)
		{512D3246-826A-46BD-A412-3D9A3403FAC2}.Release|Mixed Platforms.Build.0 = Release|Windows Mobile 6 Professional SDK (ARMV4I)
		{512D3246-826A-46BD-A412-3D9A3403FAC2}.Release|Mixed Platforms.Deploy.0 = Release|Windows Mobile 6 Professional SDK (ARMV4I)
		{512D3246-826A-46BD-A412-3D9A3403FAC2}.Release|Pocket PC 2003 (ARMV4).ActiveCfg = Release|Pocket PC 2003 (ARMV4)
		{512D3246-826A-46BD-A412-3D9A3403FAC2}.Release|Pocket PC 2003 (ARMV4).Build.0 = Release|Pocket PC 2003 (ARMV4)
		{512D3246-826A-46BD-A412-3D9A3403FAC2}.Release|Pocket PC 2003 (ARMV4).Deploy.0 = Release|Pocket PC 2003 (ARMV4)
		{512D3246-826A-46BD-A412-3D9A3403FAC2}.Release|Win32.ActiveCfg = Release|Windows Mobile 6 Professional SDK (ARMV4I)
		{512D3246-826A-46BD-A412-3D9A3403FAC2}.Release|Windows Mobile 5.0 Pocket PC SDK (ARMV4I).ActiveCfg = Release|Windows Mobile 5.0 Pocket PC SDK (ARMV4I)
		{512D3246-826A-46BD-A412-3D9A3403FAC2}.Release|Windows Mobile 5.0 Pocket PC SDK (ARMV4I).Build.0 = Release|Windows Mobile 5.0 Pocket PC SDK (ARMV4I)
		{512D3246-826A-46BD-A412-3D9A3403FAC2}.Release|Windows Mobile 5.0 Pocket PC SDK (ARMV4I).Deploy.0 = Release|Windows Mobile 5.0 Pocket PC SDK (ARMV4I)
		{512D3246-826A-46BD-A412-3D9A3403FAC2}.Release|Windows Mobile 5.0 Smartphone SDK (ARMV4I).ActiveCfg = Release|Windows Mobile 5.0 Pocket PC SDK (ARMV4I)
		{512D3246-826A-46BD-A412-3D9A3403FAC2}.Release|Windows Mobile 6 Professional SDK (ARMV4I).ActiveCfg = Release|Windows Mobile 6 Professional SDK (ARMV4I)
		{512D3246-826A-46BD-A412-3D9A3403FAC2}.Release|Windows Mobile 6 Professional SDK (ARMV4I).Build.0 = Release|Windows Mobile 6 Professional SDK (ARMV4I)
		{512D3246-826A-46BD-A412-3D9A3403FAC2}.Release|Windows Mobile 6 Professional SDK (ARMV4I).Deploy.0 = Release|Windows Mobile 6 Professional SDK (ARMV4I)
		{512D3246-826A-46BD-A412-3D9A3403FAC2}.Release|Windows Mobile 6 Standard SDK (ARMV4I).ActiveCfg = Release|Windows Mobile 6 Professional SDK (ARMV4I)
		{31EF0D49-2F51-493A-A235-08C5AEFE126F}.Debug|Mixed Platforms.ActiveCfg = Debug|Windows Mobile 6 Professional SDK (ARMV4I)
		{31EF0D49-2F51-493A-A235-08C5AEFE126F}.Debug|Mixed Platforms.Build.0 = Debug|Windows Mobile 6 Professional SDK (ARMV4I)
		{31EF0D49-2F51-493A-A235-08C5AEFE126F}.Debug|Mixed Platforms.Deploy.0 = Debug|Windows Mobile 6 Professional SDK (ARMV4I)
		{31EF0D49-2F51-493A-A235-08C5AEFE126F}.Debug|Pocket PC 2003 (ARMV4).ActiveCfg = Debug|Pocket PC 2003 (ARMV4)
		{31EF0D49-2F51-493A-A235-08C5AEFE126F}.Debug|Pocket PC 2003 (ARMV4).Build.0 = Debug|Pocket PC 2003 (ARMV4)
		{31EF0D49-2F51-493A-A235-08C5AEFE126F}.Debug|Pocket PC 2003 (ARMV4).Deploy.0 = Debug|Pocket PC 2003 (ARMV4)
		{31EF0D49-2F51-493A-A235-08C5AEFE126F}.Debug|Win32.ActiveCfg = Debug|Windows Mobile 6 Professional SDK (ARMV4I)
		{31EF0D49-2F51-493A-A235-08C5AEFE126F}.Debug|Windows Mobile 5.0 Pocket PC SDK (ARMV4I).ActiveCfg = Debug|Windows Mobile 5.0 Pocket PC SDK (ARMV4I)
		{31EF0D49-2F51-493A-A235-08C5AEFE126F}.Debug|Windows Mobile 5.0 Pocket PC SDK (ARMV4I).Build.0 = Debug|Windows Mobile 5.0 Pocket PC SDK (ARMV4I)
		{31EF0D49-2F51-493A-A235-08C5AEFE126F}.Debug|Windows Mobile 5.0 Pocket PC SDK (ARMV4I).Deploy.0 = Debug|Windows Mobile 5.0 Pocket PC SDK (ARMV4I)
		{31EF0D49-2F51-493A-A235-08C5AEFE126F}.Debug|Windows Mobile 5.0 Smartphone SDK (ARMV4I).ActiveCfg = Debug|Windows Mobile 5.0 Pocket PC SDK (ARMV4I)
		{31EF0D49-2F51-493A-A235-08C5AEFE126F}.Debug|Windows Mobile 6 Professional SDK (ARMV4I).ActiveCfg = Debug|Windows Mobile 6 Professional SDK (ARMV4I)
		{31EF0D49-2F51-493A-A235-08C5AEFE126F}.Debug|Windows Mobile 6 Professional SDK (ARMV4I).Build.0 = Debug|Windows Mobile 6 Professional SDK (ARMV4I)
		{31EF0D49-2F51-493A-A235-08C5AEFE126F}.Debug|Windows Mobile 6 Professional SDK (ARMV4I).Deploy.0 = Debug|Windows Mobile 6 Professional SDK (ARMV4I)
		{31EF0D49-2F51-493A-A235-08C5AEFE126F}.Debug|Windows Mobile 6 Standard SDK (ARMV4I).ActiveCfg = Debug|Windows Mobile 6 Professional SDK (ARMV4I)
		{31EF0D49-2F51-493A-A235-08C5AEFE126F}.Release|Mixed Platforms.ActiveCfg = Release|Windows Mobile 6 Professional SDK (ARMV4I)
		{31EF0D49-2F51-493A-A235-08C5AEFE126F}.Release|Mixed Platforms.Build.0 = Release|Windows Mobile 6 Professional SDK (ARMV4I)
		{31EF0D49-2F51-493A-A235-08C5AEFE126F}.Release|Mixed Platforms.Deploy.0 = Release|Windows Mobile 6 Professional SDK (ARMV4I)
		{31EF0D49-2F51-493A-A235-08C5AEFE126F}.Release|Pocket PC 2003 (ARMV4).ActiveCfg = Release|Pocket PC 2003 (ARMV4)
		{31EF0D49-2F51-493A-A235-08C5AEFE126F}.Release|Pocket PC 2003 (ARMV4).Build.0 = Release|Pocket PC 2003 (ARMV4)
		{31EF0D49-2F51-493A-A235-08C5AEFE126F}.Release|Pocket PC 2003 (ARMV4).Deploy.0 = Release|Pocket PC 2003 (ARMV4)
		{31EF0D49-2F51-493A-A235-08C5AEFE126F}.Release|Win32.ActiveCfg = Release|Windows Mobile 6 Professional SDK (ARMV4I)
		{31EF0D49-2F51-493A-A235-08C5AEFE126F}.Release|Windows Mobile 5.0 Pocket PC SDK (ARMV4I).ActiveCfg = Release|Windows Mobile 5.0 Pocket PC SDK (ARMV4I)
		{31EF0D49-2F51-493A-A235-08C5AEFE126F}.Release|Windows Mobile 5.0 Pocket PC SDK (ARMV4I).Build.0 = Release|Windows Mobile 5.0 Pocket PC SDK (ARMV4I)
		{31EF0D49-2F51-493A-A235-08C5AEFE126F}.Release|Windows Mobile 5.0 Pocket PC SDK (ARMV4I).Deploy.0 = Release|Windows Mobile 5.0 Pocket PC SDK (ARMV4I)
		{31EF0D49-2F51-493A-A235-08C5AEFE126F}.Release|Windows Mobile 5.0 Smartphone SDK (ARMV4I).ActiveCfg = Release|Windows Mobile 5.0 Pocket PC SDK (ARMV4I)
		{31EF0D49-2F51-493A-A235-08C5AEFE126F}.Release|Windows Mobile 6 Professional SDK (ARMV4I).ActiveCfg = Release|Windows Mobile 6 Professional SDK (ARMV4I)
		{31EF0D49-2F51-493A-A235-08C5AEFE126F}.Release|Windows Mobile 6 Professional SDK (ARMV4I).Build.0 = Release|Windows Mobile 6 Professional SDK (ARMV4I)
		{31EF0D49-2F51-493A-A235-08C5AEFE126F}.Release|Windows Mobile 6 Professional SDK (ARMV4I).Deploy.0 = Release|Windows Mobile 6 Professional SDK (ARMV4I)
		{31EF0D49-2F51-493A-A235-08C5AEFE126F}.Release|Windows Mobile 6 Standard SDK (ARMV4I).ActiveCfg = Release|Windows Mobile 6 Professional SDK (ARMV4I)
		{BBDDDA9C-F06E-48FE-874C-815923CC3376}.Debug|Mixed Platforms.ActiveCfg = Debug|Windows Mobile 6 Professional SDK (ARMV4I)
		{BBDDDA9C-F06E-48FE-874C-815923CC3376}.Debug|Mixed Platforms.Build.0 = Debug|Windows Mobile 6 Professional SDK (ARMV4I)
		{BBDDDA9C-F06E-48FE-874C-815923CC3376}.Debug|Mixed Platforms.Deploy.0 = Debug|Windows Mobile 6 Professional SDK (ARMV4I)
		{BBDDDA9C-F06E-48FE-874C-815923CC3376}.Debug|Pocket PC 2003 (ARMV4).ActiveCfg = Debug|Pocket PC 2003 (ARMV4)
		{BBDDDA9C-F06E-48FE-874C-815923CC3376}.Debug|Pocket PC 2003 (ARMV4).Build.0 = Debug|Pocket PC 2003 (ARMV4)
		{BBDDDA9C-F06E-48FE-874C-815923CC3376}.Debug|Pocket PC 2003 (ARMV4).Deploy.0 = Debug|Pocket PC 2003 (ARMV4)
		{BBDDDA9C-F06E-48FE-874C-815923CC3376}.Debug|Win32.ActiveCfg = Debug|Windows Mobile 6 Professional SDK (ARMV4I)
		{BBDDDA9C-F06E-48FE-874C-815923CC3376}.Debug|Windows Mobile 5.0 Pocket PC SDK (ARMV4I).ActiveCfg = Debug|Windows Mobile 5.0 Pocket PC SDK (ARMV4I)
		{BBDDDA9C-F06E-48FE-874C-815923CC3376}.Debug|Windows Mobile 5.0 Pocket PC SDK (ARMV4I).Build.0 = Debug|Windows Mobile 5.0 Pocket PC SDK (ARMV4I)
		{BBDDDA9C-F06E-48FE-874C-815923CC3376}.Debug|Windows Mobile 5.0 Pocket PC SDK (ARMV4I).Deploy.0 = Debug|Windows Mobile 5.0 Pocket PC SDK (ARMV4I)
		{BBDDDA9C-F06E-48FE-874C-815923CC3376}.Debug|Windows Mobile 5.0 Smartphone SDK (ARMV4I).ActiveCfg = Debug|Windows Mobile 5.0 Pocket PC SDK (ARMV4I)
		{BBDDDA9C-F06E-48FE-874C-815923CC3376}.Debug|Windows Mobile 6 Professional SDK (ARMV4I).ActiveCfg = Debug|Windows Mobile 6 Professional SDK (ARMV4I)
		{BBDDDA9C-F06E-48FE-874C-815923CC3376}.Debug|Windows Mobile 6 Professional SDK (ARMV4I).Build.0 = Debug|Windows Mobile 6 Professional SDK (ARMV4I)
		{BBDDDA9C-F06E-48FE-874C-815923CC3376}.Debug|Windows Mobile 6 Professional SDK (ARMV4I).Deploy.0 = Debug|Windows Mobile 6 Professional SDK (ARMV4I)
		{BBDDDA9C-F06E-48FE-874C-815923CC3376}.Debug|Windows Mobile 6 Standard SDK (ARMV4I).ActiveCfg = Debug|Windows Mobile 6 Professional SDK (ARMV4I)
		{BBDDDA9C-F06E-48FE-874C-815923CC3376}.Release|Mixed Platforms.ActiveCfg = Release|Windows Mobile 6 Professional SDK (ARMV4I)
		{BBDDDA9C-F06E-48FE-874C-815923CC3376}.Release|Mixed Platforms.Build.0 = Release|Windows Mobile 6 Professional SDK (ARMV4I)
		{BBDDDA9C-F06E-48FE-874C-815923CC3376}.Release|Mixed Platforms.Deploy.0 = Release|Windows Mobile 6 Professional SDK (ARMV4I)
		{BBDDDA9C-F06E-48FE-874C-815923CC3376}.Release|Pocket PC 2003 (ARMV4).ActiveCfg = Release|Pocket PC 2003 (ARMV4)
		{BBDDDA9C-F06E-48FE-874C-815923CC3376}.Release|Pocket PC 2003 (ARMV4).Build.0 = Release|Pocket PC 2003 (ARMV4)
		{BBDDDA9C-F06E-48FE-874C-815923CC3376}.Release|Pocket PC 2003 (ARMV4).Deploy.0 = Release|Pocket PC 2003 (ARMV4)
		{BBDDDA9C-F06E-48FE-874C-815923CC3376}.Release|Win32.ActiveCfg = Release|Windows Mobile 6 Professional SDK (ARMV4I)
		{BBDDDA9C-F06E-48FE-874C-815923CC3376}.Release|Windows Mobile 5.0 Pocket PC SDK (ARMV4I).ActiveCfg = Release|Windows Mobile 5.0 Pocket PC SDK (ARMV4I)
		{BBDDDA9C-F06E-48FE-874C-815923CC3376}.Release|Windows Mobile 5.0 Pocket PC SDK (ARMV4I).Build.0 = Release|Windows Mobile 5.0 Pocket PC SDK (ARMV4I)
		{BBDDDA9C-F06E-48FE-874C-815923CC3376}.Release|Windows Mobile 5.0 Pocket PC SDK (ARMV4I).Deploy.0 = Release|Windows Mobile 5.0 Pocket PC SDK (ARMV4I)
		{BBDDDA9C-F06E-48FE-874C-815923CC3376}.Release|Windows Mobile 5.0 Smartphone SDK (ARMV4I).ActiveCfg = Release|Windows Mobile 5.0 Pocket PC SDK (ARMV4I)
		{BBDDDA9C-F06E-48FE-874C-815923CC3376}.Release|Windows Mobile 6 Professional SDK (ARMV4I).ActiveCfg = Release|Windows Mobile 6 Professional SDK (ARMV4I)
		{BBDDDA9C-F06E-48FE-874C-815923CC3376}.Release|Windows Mobile 6 Professional SDK (ARMV4I).Build.0 = Release|Windows Mobile 6 Professional SDK (ARMV4I)
		{BBDDDA9C-F06E-48FE-874C-815923CC3376}.Release|Windows Mobile 6 Professional SDK (ARMV4I).Deploy.0 = Release|Windows Mobile 6 Professional SDK (ARMV4I)
		{BBDDDA9C-F06E-48FE-874C-815923CC3376}.Release|Windows Mobile 6 Standard SDK (ARMV4I).ActiveCfg = Release|Windows Mobile 6 Professional SDK (ARMV4I)
		{FC27C1FF-BC7B-4E55-B24F-9B9BB333CF3A}.Debug|Mixed Platforms.ActiveCfg = Debug|Windows Mobile 6 Professional SDK (ARMV4I)
		{FC27C1FF-BC7B-4E55-B24F-9B9BB333CF3A}.Debug|Mixed Platforms.Build.0 = Debug|Windows Mobile 6 Professional SDK (ARMV4I)
		{FC27C1FF-BC7B-4E55-B24F-9B9BB333CF3A}.Debug|Mixed Platforms.Deploy.0 = Debug|Windows Mobile 6 Professional SDK (ARMV4I)
		{FC27C1FF-BC7B-4E55-B24F-9B9BB333CF3A}.Debug|Pocket PC 2003 (ARMV4).ActiveCfg = Debug|Pocket PC 2003 (ARMV4)
		{FC27C1FF-BC7B-4E55-B24F-9B9BB333CF3A}.Debug|Pocket PC 2003 (ARMV4).Build.0 = Debug|Pocket PC 2003 (ARMV4)
		{FC27C1FF-BC7B-4E55-B24F-9B9BB333CF3A}.Debug|Pocket PC 2003 (ARMV4).Deploy.0 = Debug|Pocket PC 2003 (ARMV4)
		{FC27C1FF-BC7B-4E55-B24F-9B9BB333CF3A}.Debug|Win32.ActiveCfg = Debug|Windows Mobile 6 Professional SDK (ARMV4I)
		{FC27C1FF-BC7B-4E55-B24F-9B9BB333CF3A}.Debug|Windows Mobile 5.0 Pocket PC SDK (ARMV4I).ActiveCfg = Debug|Windows Mobile 5.0 Pocket PC SDK (ARMV4I)
		{FC27C1FF-BC7B-4E55-B24F-9B9BB333CF3A}.Debug|Windows Mobile 5.0 Pocket PC SDK (ARMV4I).Build.0 = Debug|Windows Mobile 5.0 Pocket PC SDK (ARMV4I)
		{FC27C1FF-BC7B-4E55-B24F-9B9BB333CF3A}.Debug|Windows Mobile 5.0 Pocket PC SDK (ARMV4I).Deploy.0 = Debug|Windows Mobile 5.0 Pocket PC SDK (ARMV4I)
		{FC27C1FF-BC7B-4E55-B24F-9B9BB333CF3A}.Debug|Windows Mobile 5.0 Smartphone SDK (ARMV4I).ActiveCfg = Debug|Windows Mobile 5.0 Pocket PC SDK (ARMV4I)
		{FC27C1FF-BC7B-4E55-B24F-9B9BB333CF3A}.Debug|Windows Mobile 6 Professional SDK (ARMV4I).ActiveCfg = Debug|Windows Mobile 6 Professional SDK (ARMV4I)
		{FC27C1FF-BC7B-4E55-B24F-9B9BB333CF3A}.Debug|Windows Mobile 6 Professional SDK (ARMV4I).Build.0 = Debug|Windows Mobile 6 Professional SDK (ARMV4I)
		{FC27C1FF-BC7B-4E55-B24F-9B9BB333CF3A}.Debug|Windows Mobile 6 Professional SDK (ARMV4I).Deploy.0 = Debug|Windows Mobile 6 Professional SDK (ARMV4I)
		{FC27C1FF-BC7B-4E55-B24F-9B9BB333CF3A}.Debug|Windows Mobile 6 Standard SDK (ARMV4I).ActiveCfg = Debug|Windows Mobile 6 Professional SDK (ARMV4I)
		{FC27C1FF-BC7B-4E55-B24F-9B9BB333CF3A}.Release|Mixed Platforms.ActiveCfg = Release|Windows Mobile 6 Professional SDK (ARMV4I)
		{FC27C1FF-BC7B-4E55-B24F-9B9BB333CF3A}.Release|Mixed Platforms.Build.0 = Release|Windows Mobile 6 Professional SDK (ARMV4I)
		{FC27C1FF-BC7B-4E55-B24F-9B9BB333CF3A}.Release|Mixed Platforms.Deploy.0 = Release|Windows Mobile 6 Professional SDK (ARMV4I)
		{FC27C1FF-BC7B-4E55-B24F-9B9BB333CF3A}.Release|Pocket PC 2003 (ARMV4).ActiveCfg = Release|Pocket PC 2003 (ARMV4)
		{FC27C1FF-BC7B-4E55-B24F-9B9BB333CF3A}.Release|Pocket PC 2003 (ARMV4).Build.0 = Release|Pocket PC 2003 (ARMV4)
		{FC27C1FF-BC7B-4E55-B24F-9B9BB333CF3A}.Release|Pocket PC 2003 (ARMV4).Deploy.0 = Release|Pocket PC 2003 (ARMV4)
		{FC27C1FF-BC7B-4E55-B24F-9B9BB333CF3A}.Release|Win32.ActiveCfg = Release|Windows Mobile 6 Professional SDK (ARMV4I)
		{FC27C1FF-BC7B-4E55-B24F-9B9BB333CF3A}.Release|Windows Mobile 5.0 Pocket PC SDK (ARMV4I).ActiveCfg = Release|Windows Mobile 5.0 Pocket PC SDK (ARMV4I)
		{FC27C1FF-BC7B-4E55-B24F-9B9BB333CF3A}.Release|Windows Mobile 5.0 Pocket PC SDK (ARMV4I).Build.0 = Release|Windows Mobile 5.0 Pocket PC SDK (ARMV4I)
		{FC27C1FF-BC7B-4E55-B24F-9B9BB333CF3A}.Release|Windows Mobile 5.0 Pocket PC SDK (ARMV4I).Deploy.0 = Release|Windows Mobile 5.0 Pocket PC SDK (ARMV4I)
		{FC27C1FF-BC7B-4E55-B24F-9B9BB333CF3A}.Release|Windows Mobile 5.0 Smartphone SDK (ARMV4I).ActiveCfg = Release|Windows Mobile 5.0 Pocket PC SDK (ARMV4I)
		{FC27C1FF-BC7B-4E55-B24F-9B9BB333CF3A}.Release|Windows Mobile 6 Professional SDK (ARMV4I).ActiveCfg = Release|Windows Mobile 6 Professional SDK (ARMV4I)
		{FC27C1FF-BC7B-4E55-B24F-9B9BB333CF3A}.Release|Windows Mobile 6 Professional SDK (ARMV4I).Build.0 = Release|Windows Mobile 6 Professional SDK (ARMV4I)
		{FC27C1FF-BC7B-4E55-B24F-9B9BB333CF3A}.Release|Windows Mobile 6 Professional SDK (ARMV4I).Deploy.0 = Release|Windows Mobile 6 Professional SDK (ARMV4I)
		{FC27C1FF-BC7B-4E55-B24F-9B9BB333CF3A}.Release|Windows Mobile 6 Standard SDK (ARMV4I).ActiveCfg = Release|Windows Mobile 6 Professional SDK (ARMV4I)
		{198C1566-7713-40F4-A528-0FDE7AE354A7}.Debug|Mixed Platforms.ActiveCfg = Debug|Windows Mobile 6 Professional SDK (ARMV4I)
		{198C1566-7713-40F4-A528-0FDE7AE354A7}.Debug|Mixed Platforms.Build.0 = Debug|Windows Mobile 6 Professional SDK (ARMV4I)
		{198C1566-7713-40F4-A528-0FDE7AE354A7}.Debug|Mixed Platforms.Deploy.0 = Debug|Windows Mobile 6 Professional SDK (ARMV4I)
		{198C1566-7713-40F4-A528-0FDE7AE354A7}.Debug|Pocket PC 2003 (ARMV4).ActiveCfg = Debug|Pocket PC 2003 (ARMV4)
		{198C1566-7713-40F4-A528-0FDE7AE354A7}.Debug|Pocket PC 2003 (ARMV4).Build.0 = Debug|Pocket PC 2003 (ARMV4)
		{198C1566-7713-40F4-A528-0FDE7AE354A7}.Debug|Pocket PC 2003 (ARMV4).Deploy.0 = Debug|Pocket PC 2003 (ARMV4)
		{198C1566-7713-40F4-A528-0FDE7AE354A7}.Debug|Win32.ActiveCfg = Debug|Windows Mobile 6 Professional SDK (ARMV4I)
		{198C1566-7713-40F4-A528-0FDE7AE354A7}.Debug|Windows Mobile 5.0 Pocket PC SDK (ARMV4I).ActiveCfg = Debug|Windows Mobile 5.0 Pocket PC SDK (ARMV4I)
		{198C1566-7713-40F4-A528-0FDE7AE354A7}.Debug|Windows Mobile 5.0 Pocket PC SDK (ARMV4I).Build.0 = Debug|Windows Mobile 5.0 Pocket PC SDK (ARMV4I)
		{198C1566-7713-40F4-A528-0FDE7AE354A7}.Debug|Windows Mobile 5.0 Pocket PC SDK (ARMV4I).Deploy.0 = Debug|Windows Mobile 5.0 Pocket PC SDK (ARMV4I)
		{198C1566-7713-40F4-A528-0FDE7AE354A7}.Debug|Windows Mobile 5.0 Smartphone SDK (ARMV4I).ActiveCfg = Debug|Windows Mobile 5.0 Pocket PC SDK (ARMV4I)
		{198C1566-7713-40F4-A528-0FDE7AE354A7}.Debug|Windows Mobile 6 Professional SDK (ARMV4I).ActiveCfg = Debug|Windows Mobile 6 Professional SDK (ARMV4I)
		{198C1566-7713-40F4-A528-0FDE7AE354A7}.Debug|Windows Mobile 6 Professional SDK (ARMV4I).Build.0 = Debug|Windows Mobile 6 Professional SDK (ARMV4I)
		{198C1566-7713-40F4-A528-0FDE7AE354A7}.Debug|Windows Mobile 6 Professional SDK (ARMV4I).Deploy.0 = Debug|Windows Mobile 6 Professional SDK (ARMV4I)
		{198C1566-7713-40F4-A528-0FDE7AE354A7}.Debug|Windows Mobile 6 Standard SDK (ARMV4I).ActiveCfg = Debug|Windows Mobile 6 Professional SDK (ARMV4I)
		{198C1566-7713-40F4-A528-0FDE7AE354A7}.Release|Mixed Platforms.ActiveCfg = Release|Windows Mobile 6 Professional SDK (ARMV4I)
		{198C1566-7713-40F4-A528-0FDE7AE354A7}.Release|Mixed Platforms.Build.0 = Release|Windows Mobile 6 Professional SDK (ARMV4I)
		{198C1566-7713-40F4-A528-0FDE7AE354A7}.Release|Mixed Platforms.Deploy.0 = Release|Windows Mobile 6 Professional SDK (ARMV4I)
		{198C1566-7713-40F4-A528-0FDE7AE354A7}.Release|Pocket PC 2003 (ARMV4).ActiveCfg = Release|Pocket PC 2003 (ARMV4)
		{198C1566-7713-40F4-A528-0FDE7AE354A7}.Release|Pocket PC 2003 (ARMV4).Build.0 = Release|Pocket PC 2003 (ARMV4)
		{198C1566-7713-40F4-A528-0FDE7AE354A7}.Release|Pocket PC 2003 (ARMV4).Deploy.0 = Release|Pocket PC 2003 (ARMV4)
		{198C1566-7713-40F4-A528-0FDE7AE354A7}.Release|Win32.ActiveCfg = Release|Windows Mobile 6 Professional SDK (ARMV4I)
		{198C1566-7713-40F4-A528-0FDE7AE354A7}.Release|Windows Mobile 5.0 Pocket PC SDK (ARMV4I).ActiveCfg = Release|Windows Mobile 5.0 Pocket PC SDK (ARMV4I)
		{198C1566-7713-40F4-A528-0FDE7AE354A7}.Release|Windows Mobile 5.0 Pocket PC SDK (ARMV4I).Build.0 = Release|Windows Mobile 5.0 Pocket PC SDK (ARMV4I)
		{198C1566-7713-40F4-A528-0FDE7AE354A7}.Release|Windows Mobile 5.0 Pocket PC SDK (ARMV4I).Deploy.0 = Release|Windows Mobile 5.0 Pocket PC SDK (ARMV4I)
		{198C1566-7713-40F4-A528-0FDE7AE354A7}.Release|Windows Mobile 5.0 Smartphone SDK (ARMV4I).ActiveCfg = Release|Windows Mobile 5.0 Pocket PC SDK (ARMV4I)
		{198C1566-7713-40F4-A528-0FDE7AE354A7}.Release|Windows Mobile 6 Professional SDK (ARMV4I).ActiveCfg = Release|Windows Mobile 6 Professional SDK (ARMV4I)
		{198C1566-7713-40F4-A528-0FDE7AE354A7}.Release|Windows Mobile 6 Professional SDK (ARMV4I).Build.0 = Release|Windows Mobile 6 Professional SDK (ARMV4I)
		{198C1566-7713-40F4-A528-0FDE7AE354A7}.Release|Windows Mobile 6 Professional SDK (ARMV4I).Deploy.0 = Release|Windows Mobile 6 Professional SDK (ARMV4I)
		{198C1566-7713-40F4-A528-0FDE7AE354A7}.Release|Windows Mobile 6 Standard SDK (ARMV4I).ActiveCfg = Release|Windows Mobile 6 Professional SDK (ARMV4I)
		{34EBFEDA-CDB9-4549-B819-5F808584EB96}.Debug|Mixed Platforms.ActiveCfg = Debug|Windows Mobile 6 Professional SDK (ARMV4I)
		{34EBFEDA-CDB9-4549-B819-5F808584EB96}.Debug|Mixed Platforms.Build.0 = Debug|Windows Mobile 6 Professional SDK (ARMV4I)
		{34EBFEDA-CDB9-4549-B819-5F808584EB96}.Debug|Mixed Platforms.Deploy.0 = Debug|Windows Mobile 6 Professional SDK (ARMV4I)
		{34EBFEDA-CDB9-4549-B819-5F808584EB96}.Debug|Pocket PC 2003 (ARMV4).ActiveCfg = Debug|Pocket PC 2003 (ARMV4)
		{34EBFEDA-CDB9-4549-B819-5F808584EB96}.Debug|Pocket PC 2003 (ARMV4).Build.0 = Debug|Pocket PC 2003 (ARMV4)
		{34EBFEDA-CDB9-4549-B819-5F808584EB96}.Debug|Pocket PC 2003 (ARMV4).Deploy.0 = Debug|Pocket PC 2003 (ARMV4)
		{34EBFEDA-CDB9-4549-B819-5F808584EB96}.Debug|Win32.ActiveCfg = Debug|Windows Mobile 6 Professional SDK (ARMV4I)
		{34EBFEDA-CDB9-4549-B819-5F808584EB96}.Debug|Windows Mobile 5.0 Pocket PC SDK (ARMV4I).ActiveCfg = Debug|Windows Mobile 5.0 Pocket PC SDK (ARMV4I)
		{34EBFEDA-CDB9-4549-B819-5F808584EB96}.Debug|Windows Mobile 5.0 Pocket PC SDK (ARMV4I).Build.0 = Debug|Windows Mobile 5.0 Pocket PC SDK (ARMV4I)
		{34EBFEDA-CDB9-4549-B819-5F808584EB96}.Debug|Windows Mobile 5.0 Pocket PC SDK (ARMV4I).Deploy.0 = Debug|Windows Mobile 5.0 Pocket PC SDK (ARMV4I)
		{34EBFEDA-CDB9-4549-B819-5F808584EB96}.Debug|Windows Mobile 5.0 Smartphone SDK (ARMV4I).ActiveCfg = Debug|Windows Mobile 5.0 Pocket PC SDK (ARMV4I)
		{34EBFEDA-CDB9-4549-B819-5F808584EB96}.Debug|Windows Mobile 6 Professional SDK (ARMV4I).ActiveCfg = Debug|Windows Mobile 6 Professional SDK (ARMV4I)
		{34EBFEDA-CDB9-4549-B819-5F808584EB96}.Debug|Windows Mobile 6 Professional SDK (ARMV4I).Build.0 = Debug|Windows Mobile 6 Professional SDK (ARMV4I)
		{34EBFEDA-CDB9-4549-B819-5F808584EB96}.Debug|Windows Mobile 6 Professional SDK (ARMV4I).Deploy.0 = Debug|Windows Mobile 6 Professional SDK (ARMV4I)
		{34EBFEDA-CDB9-4549-B819-5F808584EB96}.Debug|Windows Mobile 6 Standard SDK (ARMV4I).ActiveCfg = Debug|Windows Mobile 6 Professional SDK (ARMV4I)
		{34EBFEDA-CDB9-4549-B819-5F808584EB96}.Release|Mixed Platforms.ActiveCfg = Release|Windows Mobile 6 Professional SDK (ARMV4I)
		{34EBFEDA-CDB9-4549-B819-5F808584EB96}.Release|Mixed Platforms.Build.0 = Release|Windows Mobile 6 Professional SDK (ARMV4I)
		{34EBFEDA-CDB9-4549-B819-5F808584EB96}.Release|Mixed Platforms.Deploy.0 = Release|Windows Mobile 6 Professional SDK (ARMV4I)
		{34EBFEDA-CDB9-4549-B819-5F808584EB96}.Release|Pocket PC 2003 (ARMV4).ActiveCfg = Release|Pocket PC 2003 (ARMV4)
		{34EBFEDA-CDB9-4549-B819-5F808584EB96}.Release|Pocket PC 2003 (ARMV4).Build.0 = Release|Pocket PC 2003 (ARMV4)
		{34EBFEDA-CDB9-4549-B819-5F808584EB96}.Release|Pocket PC 2003 (ARMV4).Deploy.0 = Release|Pocket PC 2003 (ARMV4)
		{34EBFEDA-CDB9-4549-B819-5F808584EB96}.Release|Win32.ActiveCfg = Release|Windows Mobile 6 Professional SDK (ARMV4I)
		{34EBFEDA-CDB9-4549-B819-5F808584EB96}.Release|Windows Mobile 5.0 Pocket PC SDK (ARMV4I).ActiveCfg = Release|Windows Mobile 5.0 Pocket PC SDK (ARMV4I)
		{34EBFEDA-CDB9-4549-B819-5F808584EB96}.Release|Windows Mobile 5.0 Pocket PC SDK (ARMV4I).Build.0 = Release|Windows Mobile 5.0 Pocket PC SDK (ARMV4I)
		{34EBFEDA-CDB9-4549-B819-5F808584EB96}.Release|Windows Mobile 5.0 Pocket PC SDK (ARMV4I).Deploy.0 = Release|Windows Mobile 5.0 Pocket PC SDK (ARMV4I)
		{34EBFEDA-CDB9-4549-B819-5F808584EB96}.Release|Windows Mobile 5.0 Smartphone SDK (ARMV4I).ActiveCfg = Release|Windows Mobile 5.0 Pocket PC SDK (ARMV4I)
		{34EBFEDA-CDB9-4549-B819-5F808584EB96}.Release|Windows Mobile 6 Professional SDK (ARMV4I).ActiveCfg = Release|Windows Mobile 6 Professional SDK (ARMV4I)
		{34EBFEDA-CDB9-4549-B819-5F808584EB96}.Release|Windows Mobile 6 Professional SDK (ARMV4I).Build.0 = Release|Windows Mobile 6 Professional SDK (ARMV4I)
		{34EBFEDA-CDB9-4549-B819-5F808584EB96}.Release|Windows Mobile 6 Professional SDK (ARMV4I).Deploy.0 = Release|Windows Mobile 6 Professional SDK (ARMV4I)
		{34EBFEDA-CDB9-4549-B819-5F808584EB96}.Release|Windows Mobile 6 Standard SDK (ARMV4I).ActiveCfg = Release|Windows Mobile 6 Professional SDK (ARMV4I)
		{2D244F4C-6BF8-483C-AAEB-5ACF3E8FA05A}.Debug|Mixed Platforms.ActiveCfg = Debug|Windows Mobile 6 Professional SDK (ARMV4I)
		{2D244F4C-6BF8-483C-AAEB-5ACF3E8FA05A}.Debug|Mixed Platforms.Build.0 = Debug|Windows Mobile 6 Professional SDK (ARMV4I)
		{2D244F4C-6BF8-483C-AAEB-5ACF3E8FA05A}.Debug|Mixed Platforms.Deploy.0 = Debug|Windows Mobile 6 Professional SDK (ARMV4I)
		{2D244F4C-6BF8-483C-AAEB-5ACF3E8FA05A}.Debug|Pocket PC 2003 (ARMV4).ActiveCfg = Debug|Pocket PC 2003 (ARMV4)
		{2D244F4C-6BF8-483C-AAEB-5ACF3E8FA05A}.Debug|Pocket PC 2003 (ARMV4).Build.0 = Debug|Pocket PC 2003 (ARMV4)
		{2D244F4C-6BF8-483C-AAEB-5ACF3E8FA05A}.Debug|Pocket PC 2003 (ARMV4).Deploy.0 = Debug|Pocket PC 2003 (ARMV4)
		{2D244F4C-6BF8-483C-AAEB-5ACF3E8FA05A}.Debug|Win32.ActiveCfg = Debug|Windows Mobile 6 Professional SDK (ARMV4I)
		{2D244F4C-6BF8-483C-AAEB-5ACF3E8FA05A}.Debug|Windows Mobile 5.0 Pocket PC SDK (ARMV4I).ActiveCfg = Debug|Windows Mobile 5.0 Pocket PC SDK (ARMV4I)
		{2D244F4C-6BF8-483C-AAEB-5ACF3E8FA05A}.Debug|Windows Mobile 5.0 Pocket PC SDK (ARMV4I).Build.0 = Debug|Windows Mobile 5.0 Pocket PC SDK (ARMV4I)
		{2D244F4C-6BF8-483C-AAEB-5ACF3E8FA05A}.Debug|Windows Mobile 5.0 Pocket PC SDK (ARMV4I).Deploy.0 = Debug|Windows Mobile 5.0 Pocket PC SDK (ARMV4I)
		{2D244F4C-6BF8-483C-AAEB-5ACF3E8FA05A}.Debug|Windows Mobile 5.0 Smartphone SDK (ARMV4I).ActiveCfg = Debug|Windows Mobile 5.0 Pocket PC SDK (ARMV4I)
		{2D244F4C-6BF8-483C-AAEB-5ACF3E8FA05A}.Debug|Windows Mobile 6 Professional SDK (ARMV4I).ActiveCfg = Debug|Windows Mobile 6 Professional SDK (ARMV4I)
		{2D244F4C-6BF8-483C-AAEB-5ACF3E8FA05A}.Debug|Windows Mobile 6 Professional SDK (ARMV4I).Build.0 = Debug|Windows Mobile 6 Professional SDK (ARMV4I)
		{2D244F4C-6BF8-483C-AAEB-5ACF3E8FA05A}.Debug|Windows Mobile 6 Professional SDK (ARMV4I).Deploy.0 = Debug|Windows Mobile 6 Professional SDK (ARMV4I)
		{2D244F4C-6BF8-483C-AAEB-5ACF3E8FA05A}.Debug|Windows Mobile 6 Standard SDK (ARMV4I).ActiveCfg = Debug|Windows Mobile 6 Professional SDK (ARMV4I)
		{2D244F4C-6BF8-483C-AAEB-5ACF3E8FA05A}.Release|Mixed Platforms.ActiveCfg = Release|Windows Mobile 6 Professional SDK (ARMV4I)
		{2D244F4C-6BF8-483C-AAEB-5ACF3E8FA05A}.Release|Mixed Platforms.Build.0 = Release|Windows Mobile 6 Professional SDK (ARMV4I)
		{2D244F4C-6BF8-483C-AAEB-5ACF3E8FA05A}.Release|Mixed Platforms.Deploy.0 = Release|Windows Mobile 6 Professional SDK (ARMV4I)
		{2D244F4C-6BF8-483C-AAEB-5ACF3E8FA05A}.Release|Pocket PC 2003 (ARMV4).ActiveCfg = Release|Pocket PC 2003 (ARMV4)
		{2D244F4C-6BF8-483C-AAEB-5ACF3E8FA05A}.Release|Pocket PC 2003 (ARMV4).Build.0 = Release|Pocket PC 2003 (ARMV4)
		{2D244F4C-6BF8-483C-AAEB-5ACF3E8FA05A}.Release|Pocket PC 2003 (ARMV4).Deploy.0 = Release|Pocket PC 2003 (ARMV4)
		{2D244F4C-6BF8-483C-AAEB-5ACF3E8FA05A}.Release|Win32.ActiveCfg = Release|Windows Mobile 6 Professional SDK (ARMV4I)
		{2D244F4C-6BF8-483C-AAEB-5ACF3E8FA05A}.Release|Windows Mobile 5.0 Pocket PC SDK (ARMV4I).ActiveCfg = Release|Windows Mobile 5.0 Pocket PC SDK (ARMV4I)
		{2D244F4C-6BF8-483C-AAEB-5ACF3E8FA05A}.Release|Windows Mobile 5.0 Pocket PC SDK (ARMV4I).Build.0 = Release|Windows Mobile 5.0 Pocket PC SDK (ARMV4I)
		{2D244F4C-6BF8-483C-AAEB-5ACF3E8FA05A}.Release|Windows Mobile 5.0 Pocket PC SDK (ARMV4I).Deploy.0 = Release|Windows Mobile 5.0 Pocket PC SDK (ARMV4I)
		{2D244F4C-6BF8-483C-AAEB-5ACF3E8FA05A}.Release|Windows Mobile 5.0 Smartphone SDK (ARMV4I).ActiveCfg = Release|Windows Mobile 5.0 Pocket PC SDK (ARMV4I)
		{2D244F4C-6BF8-483C-AAEB-5ACF3E8FA05A}.Release|Windows Mobile 6 Professional SDK (ARMV4I).ActiveCfg = Release|Windows Mobile 6 Professional SDK (ARMV4I)
		{2D244F4C-6BF8-483C-AAEB-5ACF3E8FA05A}.Release|Windows Mobile 6 Professional SDK (ARMV4I).Build.0 = Release|Windows Mobile 6 Professional SDK (ARMV4I)
		{2D244F4C-6BF8-483C-AAEB-5ACF3E8FA05A}.Release|Windows Mobile 6 Professional SDK (ARMV4I).Deploy.0 = Release|Windows Mobile 6 Professional SDK (ARMV4I)
		{2D244F4C-6BF8-483C-AAEB-5ACF3E8FA05A}.Release|Windows Mobile 6 Standard SDK (ARMV4I).ActiveCfg = Release|Windows Mobile 6 Professional SDK (ARMV4I)
		{A005D282-0780-43B2-83AE-CC6FD1F6C085}.Debug|Mixed Platforms.ActiveCfg = Debug|Windows Mobile 6 Professional SDK (ARMV4I)
		{A005D282-0780-43B2-83AE-CC6FD1F6C085}.Debug|Mixed Platforms.Build.0 = Debug|Windows Mobile 6 Professional SDK (ARMV4I)
		{A005D282-0780-43B2-83AE-CC6FD1F6C085}.Debug|Mixed Platforms.Deploy.0 = Debug|Windows Mobile 6 Professional SDK (ARMV4I)
		{A005D282-0780-43B2-83AE-CC6FD1F6C085}.Debug|Pocket PC 2003 (ARMV4).ActiveCfg = Debug|Pocket PC 2003 (ARMV4)
		{A005D282-0780-43B2-83AE-CC6FD1F6C085}.Debug|Pocket PC 2003 (ARMV4).Build.0 = Debug|Pocket PC 2003 (ARMV4)
		{A005D282-0780-43B2-83AE-CC6FD1F6C085}.Debug|Pocket PC 2003 (ARMV4).Deploy.0 = Debug|Pocket PC 2003 (ARMV4)
		{A005D282-0780-43B2-83AE-CC6FD1F6C085}.Debug|Win32.ActiveCfg = Debug|Windows Mobile 6 Professional SDK (ARMV4I)
		{A005D282-0780-43B2-83AE-CC6FD1F6C085}.Debug|Windows Mobile 5.0 Pocket PC SDK (ARMV4I).ActiveCfg = Debug|Windows Mobile 5.0 Pocket PC SDK (ARMV4I)
		{A005D282-0780-43B2-83AE-CC6FD1F6C085}.Debug|Windows Mobile 5.0 Pocket PC SDK (ARMV4I).Build.0 = Debug|Windows Mobile 5.0 Pocket PC SDK (ARMV4I)
		{A005D282-0780-43B2-83AE-CC6FD1F6C085}.Debug|Windows Mobile 5.0 Pocket PC SDK (ARMV4I).Deploy.0 = Debug|Windows Mobile 5.0 Pocket PC SDK (ARMV4I)
		{A005D282-0780-43B2-83AE-CC6FD1F6C085}.Debug|Windows Mobile 5.0 Smartphone SDK (ARMV4I).ActiveCfg = Debug|Windows Mobile 5.0 Pocket PC SDK (ARMV4I)
		{A005D282-0780-43B2-83AE-CC6FD1F6C085}.Debug|Windows Mobile 6 Professional SDK (ARMV4I).ActiveCfg = Debug|Windows Mobile 6 Professional SDK (ARMV4I)
		{A005D282-0780-43B2-83AE-CC6FD1F6C085}.Debug|Windows Mobile 6 Professional SDK (ARMV4I).Build.0 = Debug|Windows Mobile 6 Professional SDK (ARMV4I)
		{A005D282-0780-43B2-83AE-CC6FD1F6C085}.Debug|Windows Mobile 6 Professional SDK (ARMV4I).Deploy.0 = Debug|Windows Mobile 6 Professional SDK (ARMV4I)
		{A005D282-0780-43B2-83AE-CC6FD1F6C085}.Debug|Windows Mobile 6 Standard SDK (ARMV4I).ActiveCfg = Debug|Windows Mobile 6 Professional SDK (ARMV4I)
		{A005D282-0780-43B2-83AE-CC6FD1F6C085}.Release|Mixed Platforms.ActiveCfg = Release|Windows Mobile 6 Professional SDK (ARMV4I)
		{A005D282-0780-43B2-83AE-CC6FD1F6C085}.Release|Mixed Platforms.Build.0 = Release|Windows Mobile 6 Professional SDK (ARMV4I)
		{A005D282-0780-43B2-83AE-CC6FD1F6C085}.Release|Mixed Platforms.Deploy.0 = Release|Windows Mobile 6 Professional SDK (ARMV4I)
		{A005D282-0780-43B2-83AE-CC6FD1F6C085}.Release|Pocket PC 2003 (ARMV4).ActiveCfg = Release|Pocket PC 2003 (ARMV4)
		{A005D282-0780-43B2-83AE-CC6FD1F6C085}.Release|Pocket PC 2003 (ARMV4).Build.0 = Release|Pocket PC 2003 (ARMV4)
		{A005D282-0780-43B2-83AE-CC6FD1F6C085}.Release|Pocket PC 2003 (ARMV4).Deploy.0 = Release|Pocket PC 2003 (ARMV4)
		{A005D282-0780-43B2-83AE-CC6FD1F6C085}.Release|Win32.ActiveCfg = Release|Windows Mobile 6 Professional SDK (ARMV4I)
		{A005D282-0780-43B2-83AE-CC6FD1F6C085}.Release|Windows Mobile 5.0 Pocket PC SDK (ARMV4I).ActiveCfg = Release|Windows Mobile 5.0 Pocket PC SDK (ARMV4I)
		{A005D282-0780-43B2-83AE-CC6FD1F6C085}.Release|Windows Mobile 5.0 Pocket PC SDK (ARMV4I).Build.0 = Release|Windows Mobile 5.0 Pocket PC SDK (ARMV4I)
		{A005D282-0780-43B2-83AE-CC6FD1F6C085}.Release|Windows Mobile 5.0 Pocket PC SDK (ARMV4I).Deploy.0 = Release|Windows Mobile 5.0 Pocket PC SDK (ARMV4I)
		{A005D282-0780-43B2-83AE-CC6FD1F6C085}.Release|Windows Mobile 5.0 Smartphone SDK (ARMV4I).ActiveCfg = Release|Windows Mobile 5.0 Pocket PC SDK (ARMV4I)
		{A005D282-0780-43B2-83AE-CC6FD1F6C085}.Release|Windows Mobile 6 Professional SDK (ARMV4I).ActiveCfg = Release|Windows Mobile 6 Professional SDK (ARMV4I)
		{A005D282-0780-43B2-83AE-CC6FD1F6C085}.Release|Windows Mobile 6 Professional SDK (ARMV4I).Build.0 = Release|Windows Mobile 6 Professional SDK (ARMV4I)
		{A005D282-0780-43B2-83AE-CC6FD1F6C085}.Release|Windows Mobile 6 Professional SDK (ARMV4I).Deploy.0 = Release|Windows Mobile 6 Professional SDK (ARMV4I)
		{A005D282-0780-43B2-83AE-CC6FD1F6C085}.Release|Windows Mobile 6 Standard SDK (ARMV4I).ActiveCfg = Release|Windows Mobile 6 Professional SDK (ARMV4I)
		{9214FC66-7214-414F-9D6C-60FCBD981B3D}.Debug|Mixed Platforms.ActiveCfg = Debug|Windows Mobile 6 Professional SDK (ARMV4I)
		{9214FC66-7214-414F-9D6C-60FCBD981B3D}.Debug|Mixed Platforms.Build.0 = Debug|Windows Mobile 6 Professional SDK (ARMV4I)
		{9214FC66-7214-414F-9D6C-60FCBD981B3D}.Debug|Mixed Platforms.Deploy.0 = Debug|Windows Mobile 6 Professional SDK (ARMV4I)
		{9214FC66-7214-414F-9D6C-60FCBD981B3D}.Debug|Pocket PC 2003 (ARMV4).ActiveCfg = Debug|Pocket PC 2003 (ARMV4)
		{9214FC66-7214-414F-9D6C-60FCBD981B3D}.Debug|Pocket PC 2003 (ARMV4).Build.0 = Debug|Pocket PC 2003 (ARMV4)
		{9214FC66-7214-414F-9D6C-60FCBD981B3D}.Debug|Pocket PC 2003 (ARMV4).Deploy.0 = Debug|Pocket PC 2003 (ARMV4)
		{9214FC66-7214-414F-9D6C-60FCBD981B3D}.Debug|Win32.ActiveCfg = Debug|Windows Mobile 6 Professional SDK (ARMV4I)
		{9214FC66-7214-414F-9D6C-60FCBD981B3D}.Debug|Windows Mobile 5.0 Pocket PC SDK (ARMV4I).ActiveCfg = Debug|Windows Mobile 5.0 Pocket PC SDK (ARMV4I)
		{9214FC66-7214-414F-9D6C-60FCBD981B3D}.Debug|Windows Mobile 5.0 Pocket PC SDK (ARMV4I).Build.0 = Debug|Windows Mobile 5.0 Pocket PC SDK (ARMV4I)
		{9214FC66-7214-414F-9D6C-60FCBD981B3D}.Debug|Windows Mobile 5.0 Pocket PC SDK (ARMV4I).Deploy.0 = Debug|Windows Mobile 5.0 Pocket PC SDK (ARMV4I)
		{9214FC66-7214-414F-9D6C-60FCBD981B3D}.Debug|Windows Mobile 5.0 Smartphone SDK (ARMV4I).ActiveCfg = Debug|Windows Mobile 5.0 Pocket PC SDK (ARMV4I)
		{9214FC66-7214-414F-9D6C-60FCBD981B3D}.Debug|Windows Mobile 6 Professional SDK (ARMV4I).ActiveCfg = Debug|Windows Mobile 6 Professional SDK (ARMV4I)
		{9214FC66-7214-414F-9D6C-60FCBD981B3D}.Debug|Windows Mobile 6 Professional SDK (ARMV4I).Build.0 = Debug|Windows Mobile 6 Professional SDK (ARMV4I)
		{9214FC66-7214-414F-9D6C-60FCBD981B3D}.Debug|Windows Mobile 6 Professional SDK (ARMV4I).Deploy.0 = Debug|Windows Mobile 6 Professional SDK (ARMV4I)
		{9214FC66-7214-414F-9D6C-60FCBD981B3D}.Debug|Windows Mobile 6 Standard SDK (ARMV4I).ActiveCfg = Debug|Windows Mobile 6 Professional SDK (ARMV4I)
		{9214FC66-7214-414F-9D6C-60FCBD981B3D}.Release|Mixed Platforms.ActiveCfg = Release|Windows Mobile 6 Professional SDK (ARMV4I)
		{9214FC66-7214-414F-9D6C-60FCBD981B3D}.Release|Mixed Platforms.Build.0 = Release|Windows Mobile 6 Professional SDK (ARMV4I)
		{9214FC66-7214-414F-9D6C-60FCBD981B3D}.Release|Mixed Platforms.Deploy.0 = Release|Windows Mobile 6 Professional SDK (ARMV4I)
		{9214FC66-7214-414F-9D6C-60FCBD981B3D}.Release|Pocket PC 2003 (ARMV4).ActiveCfg = Release|Pocket PC 2003 (ARMV4)
		{9214FC66-7214-414F-9D6C-60FCBD981B3D}.Release|Pocket PC 2003 (ARMV4).Build.0 = Release|Pocket PC 2003 (ARMV4)
		{9214FC66-7214-414F-9D6C-60FCBD981B3D}.Release|Pocket PC 2003 (ARMV4).Deploy.0 = Release|Pocket PC 2003 (ARMV4)
		{9214FC66-7214-414F-9D6C-60FCBD981B3D}.Release|Win32.ActiveCfg = Release|Windows Mobile 6 Professional SDK (ARMV4I)
		{9214FC66-7214-414F-9D6C-60FCBD981B3D}.Release|Windows Mobile 5.0 Pocket PC SDK (ARMV4I).ActiveCfg = Release|Windows Mobile 5.0 Pocket PC SDK (ARMV4I)
		{9214FC66-7214-414F-9D6C-60FCBD981B3D}.Release|Windows Mobile 5.0 Pocket PC SDK (ARMV4I).Build.0 = Release|Windows Mobile 5.0 Pocket PC SDK (ARMV4I)
		{9214FC66-7214-414F-9D6C-60FCBD981B3D}.Release|Windows Mobile 5.0 Pocket PC SDK (ARMV4I).Deploy.0 = Release|Windows Mobile 5.0 Pocket PC SDK (ARMV4I)
		{9214FC66-7214-414F-9D6C-60FCBD981B3D}.Release|Windows Mobile 5.0 Smartphone SDK (ARMV4I).ActiveCfg = Release|Windows Mobile 5.0 Pocket PC SDK (ARMV4I)
		{9214FC66-7214-414F-9D6C-60FCBD981B3D}.Release|Windows Mobile 6 Professional SDK (ARMV4I).ActiveCfg = Release|Windows Mobile 6 Professional SDK (ARMV4I)
		{9214FC66-7214-414F-9D6C-60FCBD981B3D}.Release|Windows Mobile 6 Professional SDK (ARMV4I).Build.0 = Release|Windows Mobile 6 Professional SDK (ARMV4I)
		{9214FC66-7214-414F-9D6C-60FCBD981B3D}.Release|Windows Mobile 6 Professional SDK (ARMV4I).Deploy.0 = Release|Windows Mobile 6 Professional SDK (ARMV4I)
		{9214FC66-7214-414F-9D6C-60FCBD981B3D}.Release|Windows Mobile 6 Standard SDK (ARMV4I).ActiveCfg = Release|Windows Mobile 6 Professional SDK (ARMV4I)
		{4C2D8D27-2666-4422-A64B-DFA0449A71A7}.Debug|Mixed Platforms.ActiveCfg = Debug|Windows Mobile 6 Professional SDK (ARMV4I)
		{4C2D8D27-2666-4422-A64B-DFA0449A71A7}.Debug|Mixed Platforms.Build.0 = Debug|Windows Mobile 6 Professional SDK (ARMV4I)
		{4C2D8D27-2666-4422-A64B-DFA0449A71A7}.Debug|Mixed Platforms.Deploy.0 = Debug|Windows Mobile 6 Professional SDK (ARMV4I)
		{4C2D8D27-2666-4422-A64B-DFA0449A71A7}.Debug|Pocket PC 2003 (ARMV4).ActiveCfg = Debug|Pocket PC 2003 (ARMV4)
		{4C2D8D27-2666-4422-A64B-DFA0449A71A7}.Debug|Pocket PC 2003 (ARMV4).Build.0 = Debug|Pocket PC 2003 (ARMV4)
		{4C2D8D27-2666-4422-A64B-DFA0449A71A7}.Debug|Pocket PC 2003 (ARMV4).Deploy.0 = Debug|Pocket PC 2003 (ARMV4)
		{4C2D8D27-2666-4422-A64B-DFA0449A71A7}.Debug|Win32.ActiveCfg = Debug|Windows Mobile 6 Professional SDK (ARMV4I)
		{4C2D8D27-2666-4422-A64B-DFA0449A71A7}.Debug|Windows Mobile 5.0 Pocket PC SDK (ARMV4I).ActiveCfg = Debug|Windows Mobile 5.0 Pocket PC SDK (ARMV4I)
		{4C2D8D27-2666-4422-A64B-DFA0449A71A7}.Debug|Windows Mobile 5.0 Pocket PC SDK (ARMV4I).Build.0 = Debug|Windows Mobile 5.0 Pocket PC SDK (ARMV4I)
		{4C2D8D27-2666-4422-A64B-DFA0449A71A7}.Debug|Windows Mobile 5.0 Pocket PC SDK (ARMV4I).Deploy.0 = Debug|Windows Mobile 5.0 Pocket PC SDK (ARMV4I)
		{4C2D8D27-2666-4422-A64B-DFA0449A71A7}.Debug|Windows Mobile 5.0 Smartphone SDK (ARMV4I).ActiveCfg = Debug|Windows Mobile 5.0 Pocket PC SDK (ARMV4I)
		{4C2D8D27-2666-4422-A64B-DFA0449A71A7}.Debug|Windows Mobile 6 Professional SDK (ARMV4I).ActiveCfg = Debug|Windows Mobile 6 Professional SDK (ARMV4I)
		{4C2D8D27-2666-4422-A64B-DFA0449A71A7}.Debug|Windows Mobile 6 Professional SDK (ARMV4I).Build.0 = Debug|Windows Mobile 6 Professional SDK (ARMV4I)
		{4C2D8D27-2666-4422-A64B-DFA0449A71A7}.Debug|Windows Mobile 6 Professional SDK (ARMV4I).Deploy.0 = Debug|Windows Mobile 6 Professional SDK (ARMV4I)
		{4C2D8D27-2666-4422-A64B-DFA0449A71A7}.Debug|Windows Mobile 6 Standard SDK (ARMV4I).ActiveCfg = Debug|Windows Mobile 6 Professional SDK (ARMV4I)
		{4C2D8D27-2666-4422-A64B-DFA0449A71A7}.Release|Mixed Platforms.ActiveCfg = Release|Windows Mobile 6 Professional SDK (ARMV4I)
		{4C2D8D27-2666-4422-A64B-DFA0449A71A7}.Release|Mixed Platforms.Build.0 = Release|Windows Mobile 6 Professional SDK (ARMV4I)
		{4C2D8D27-2666-4422-A64B-DFA0449A71A7}.Release|Mixed Platforms.Deploy.0 = Release|Windows Mobile 6 Professional SDK (ARMV4I)
		{4C2D8D27-2666-4422-A64B-DFA0449A71A7}.Release|Pocket PC 2003 (ARMV4).ActiveCfg = Release|Pocket PC 2003 (ARMV4)
		{4C2D8D27-2666-4422-A64B-DFA0449A71A7}.Release|Pocket PC 2003 (ARMV4).Build.0 = Release|Pocket PC 2003 (ARMV4)
		{4C2D8D27-2666-4422-A64B-DFA0449A71A7}.Release|Pocket PC 2003 (ARMV4).Deploy.0 = Release|Pocket PC 2003 (ARMV4)
		{4C2D8D27-2666-4422-A64B-DFA0449A71A7}.Release|Win32.ActiveCfg = Release|Windows Mobile 6 Professional SDK (ARMV4I)
		{4C2D8D27-2666-4422-A64B-DFA0449A71A7}.Release|Windows Mobile 5.0 Pocket PC SDK (ARMV4I).ActiveCfg = Release|Windows Mobile 5.0 Pocket PC SDK (ARMV4I)
		{4C2D8D27-2666-4422-A64B-DFA0449A71A7}.Release|Windows Mobile 5.0 Pocket PC SDK (ARMV4I).Deploy.0 = Release|Windows Mobile 5.0 Pocket PC SDK (ARMV4I)
		{4C2D8D27-2666-4422-A64B-DFA0449A71A7}.Release|Windows Mobile 5.0 Smartphone SDK (ARMV4I).ActiveCfg = Release|Windows Mobile 5.0 Pocket PC SDK (ARMV4I)
		{4C2D8D27-2666-4422-A64B-DFA0449A71A7}.Release|Windows Mobile 6 Professional SDK (ARMV4I).ActiveCfg = Release|Windows Mobile 6 Professional SDK (ARMV4I)
		{4C2D8D27-2666-4422-A64B-DFA0449A71A7}.Release|Windows Mobile 6 Professional SDK (ARMV4I).Build.0 = Release|Windows Mobile 6 Professional SDK (ARMV4I)
		{4C2D8D27-2666-4422-A64B-DFA0449A71A7}.Release|Windows Mobile 6 Professional SDK (ARMV4I).Deploy.0 = Release|Windows Mobile 6 Professional SDK (ARMV4I)
		{4C2D8D27-2666-4422-A64B-DFA0449A71A7}.Release|Windows Mobile 6 Standard SDK (ARMV4I).ActiveCfg = Release|Windows Mobile 6 Professional SDK (ARMV4I)
		{30002A00-42DA-46AD-ACE9-93123E2E3237}.Debug|Mixed Platforms.ActiveCfg = Debug|Windows Mobile 6 Professional SDK (ARMV4I)
		{30002A00-42DA-46AD-ACE9-93123E2E3237}.Debug|Mixed Platforms.Build.0 = Debug|Windows Mobile 6 Professional SDK (ARMV4I)
		{30002A00-42DA-46AD-ACE9-93123E2E3237}.Debug|Mixed Platforms.Deploy.0 = Debug|Windows Mobile 6 Professional SDK (ARMV4I)
		{30002A00-42DA-46AD-ACE9-93123E2E3237}.Debug|Pocket PC 2003 (ARMV4).ActiveCfg = Debug|Pocket PC 2003 (ARMV4)
		{30002A00-42DA-46AD-ACE9-93123E2E3237}.Debug|Pocket PC 2003 (ARMV4).Build.0 = Debug|Pocket PC 2003 (ARMV4)
		{30002A00-42DA-46AD-ACE9-93123E2E3237}.Debug|Pocket PC 2003 (ARMV4).Deploy.0 = Debug|Pocket PC 2003 (ARMV4)
		{30002A00-42DA-46AD-ACE9-93123E2E3237}.Debug|Win32.ActiveCfg = Debug|Windows Mobile 6 Professional SDK (ARMV4I)
		{30002A00-42DA-46AD-ACE9-93123E2E3237}.Debug|Windows Mobile 5.0 Pocket PC SDK (ARMV4I).ActiveCfg = Debug|Windows Mobile 5.0 Pocket PC SDK (ARMV4I)
		{30002A00-42DA-46AD-ACE9-93123E2E3237}.Debug|Windows Mobile 5.0 Pocket PC SDK (ARMV4I).Build.0 = Debug|Windows Mobile 5.0 Pocket PC SDK (ARMV4I)
		{30002A00-42DA-46AD-ACE9-93123E2E3237}.Debug|Windows Mobile 5.0 Pocket PC SDK (ARMV4I).Deploy.0 = Debug|Windows Mobile 5.0 Pocket PC SDK (ARMV4I)
		{30002A00-42DA-46AD-ACE9-93123E2E3237}.Debug|Windows Mobile 5.0 Smartphone SDK (ARMV4I).ActiveCfg = Debug|Windows Mobile 5.0 Pocket PC SDK (ARMV4I)
		{30002A00-42DA-46AD-ACE9-93123E2E3237}.Debug|Windows Mobile 6 Professional SDK (ARMV4I).ActiveCfg = Debug|Windows Mobile 6 Professional SDK (ARMV4I)
		{30002A00-42DA-46AD-ACE9-93123E2E3237}.Debug|Windows Mobile 6 Professional SDK (ARMV4I).Build.0 = Debug|Windows Mobile 6 Professional SDK (ARMV4I)
		{30002A00-42DA-46AD-ACE9-93123E2E3237}.Debug|Windows Mobile 6 Professional SDK (ARMV4I).Deploy.0 = Debug|Windows Mobile 6 Professional SDK (ARMV4I)
		{30002A00-42DA-46AD-ACE9-93123E2E3237}.Debug|Windows Mobile 6 Standard SDK (ARMV4I).ActiveCfg = Debug|Windows Mobile 6 Professional SDK (ARMV4I)
		{30002A00-42DA-46AD-ACE9-93123E2E3237}.Release|Mixed Platforms.ActiveCfg = Release|Windows Mobile 6 Professional SDK (ARMV4I)
		{30002A00-42DA-46AD-ACE9-93123E2E3237}.Release|Mixed Platforms.Build.0 = Release|Windows Mobile 6 Professional SDK (ARMV4I)
		{30002A00-42DA-46AD-ACE9-93123E2E3237}.Release|Mixed Platforms.Deploy.0 = Release|Windows Mobile 6 Professional SDK (ARMV4I)
		{30002A00-42DA-46AD-ACE9-93123E2E3237}.Release|Pocket PC 2003 (ARMV4).ActiveCfg = Release|Pocket PC 2003 (ARMV4)
		{30002A00-42DA-46AD-ACE9-93123E2E3237}.Release|Pocket PC 2003 (ARMV4).Build.0 = Release|Pocket PC 2003 (ARMV4)
		{30002A00-42DA-46AD-ACE9-93123E2E3237}.Release|Pocket PC 2003 (ARMV4).Deploy.0 = Release|Pocket PC 2003 (ARMV4)
		{30002A00-42DA-46AD-ACE9-93123E2E3237}.Release|Win32.ActiveCfg = Release|Windows Mobile 6 Professional SDK (ARMV4I)
		{30002A00-42DA-46AD-ACE9-93123E2E3237}.Release|Windows Mobile 5.0 Pocket PC SDK (ARMV4I).ActiveCfg = Release|Windows Mobile 5.0 Pocket PC SDK (ARMV4I)
		{30002A00-42DA-46AD-ACE9-93123E2E3237}.Release|Windows Mobile 5.0 Pocket PC SDK (ARMV4I).Build.0 = Release|Windows Mobile 5.0 Pocket PC SDK (ARMV4I)
		{30002A00-42DA-46AD-ACE9-93123E2E3237}.Release|Windows Mobile 5.0 Pocket PC SDK (ARMV4I).Deploy.0 = Release|Windows Mobile 5.0 Pocket PC SDK (ARMV4I)
		{30002A00-42DA-46AD-ACE9-93123E2E3237}.Release|Windows Mobile 5.0 Smartphone SDK (ARMV4I).ActiveCfg = Release|Windows Mobile 5.0 Pocket PC SDK (ARMV4I)
		{30002A00-42DA-46AD-ACE9-93123E2E3237}.Release|Windows Mobile 6 Professional SDK (ARMV4I).ActiveCfg = Release|Windows Mobile 6 Professional SDK (ARMV4I)
		{30002A00-42DA-46AD-ACE9-93123E2E3237}.Release|Windows Mobile 6 Professional SDK (ARMV4I).Build.0 = Release|Windows Mobile 6 Professional SDK (ARMV4I)
		{30002A00-42DA-46AD-ACE9-93123E2E3237}.Release|Windows Mobile 6 Professional SDK (ARMV4I).Deploy.0 = Release|Windows Mobile 6 Professional SDK (ARMV4I)
		{30002A00-42DA-46AD-ACE9-93123E2E3237}.Release|Windows Mobile 6 Standard SDK (ARMV4I).ActiveCfg = Release|Windows Mobile 6 Professional SDK (ARMV4I)
		{EABD9BC9-7903-4C89-A96A-4D624568A714}.Debug|Mixed Platforms.ActiveCfg = Debug|Windows Mobile 6 Professional SDK (ARMV4I)
		{EABD9BC9-7903-4C89-A96A-4D624568A714}.Debug|Mixed Platforms.Build.0 = Debug|Windows Mobile 6 Professional SDK (ARMV4I)
		{EABD9BC9-7903-4C89-A96A-4D624568A714}.Debug|Mixed Platforms.Deploy.0 = Debug|Windows Mobile 6 Professional SDK (ARMV4I)
		{EABD9BC9-7903-4C89-A96A-4D624568A714}.Debug|Pocket PC 2003 (ARMV4).ActiveCfg = Debug|Pocket PC 2003 (ARMV4)
		{EABD9BC9-7903-4C89-A96A-4D624568A714}.Debug|Pocket PC 2003 (ARMV4).Build.0 = Debug|Pocket PC 2003 (ARMV4)
		{EABD9BC9-7903-4C89-A96A-4D624568A714}.Debug|Pocket PC 2003 (ARMV4).Deploy.0 = Debug|Pocket PC 2003 (ARMV4)
		{EABD9BC9-7903-4C89-A96A-4D624568A714}.Debug|Win32.ActiveCfg = Debug|Windows Mobile 6 Professional SDK (ARMV4I)
		{EABD9BC9-7903-4C89-A96A-4D624568A714}.Debug|Windows Mobile 5.0 Pocket PC SDK (ARMV4I).ActiveCfg = Debug|Windows Mobile 5.0 Pocket PC SDK (ARMV4I)
		{EABD9BC9-7903-4C89-A96A-4D624568A714}.Debug|Windows Mobile 5.0 Pocket PC SDK (ARMV4I).Build.0 = Debug|Windows Mobile 5.0 Pocket PC SDK (ARMV4I)
		{EABD9BC9-7903-4C89-A96A-4D624568A714}.Debug|Windows Mobile 5.0 Pocket PC SDK (ARMV4I).Deploy.0 = Debug|Windows Mobile 5.0 Pocket PC SDK (ARMV4I)
		{EABD9BC9-7903-4C89-A96A-4D624568A714}.Debug|Windows Mobile 5.0 Smartphone SDK (ARMV4I).ActiveCfg = Debug|Windows Mobile 5.0 Pocket PC SDK (ARMV4I)
		{EABD9BC9-7903-4C89-A96A-4D624568A714}.Debug|Windows Mobile 6 Professional SDK (ARMV4I).ActiveCfg = Debug|Windows Mobile 6 Professional SDK (ARMV4I)
		{EABD9BC9-7903-4C89-A96A-4D624568A714}.Debug|Windows Mobile 6 Professional SDK (ARMV4I).Build.0 = Debug|Windows Mobile 6 Professional SDK (ARMV4I)
		{EABD9BC9-7903-4C89-A96A-4D624568A714}.Debug|Windows Mobile 6 Professional SDK (ARMV4I).Deploy.0 = Debug|Windows Mobile 6 Professional SDK (ARMV4I)
		{EABD9BC9-7903-4C89-A96A-4D624568A714}.Debug|Windows Mobile 6 Standard SDK (ARMV4I).ActiveCfg = Debug|Windows Mobile 6 Professional SDK (ARMV4I)
		{EABD9BC9-7903-4C89-A96A-4D624568A714}.Release|Mixed Platforms.ActiveCfg = Release|Windows Mobile 6 Professional SDK (ARMV4I)
		{EABD9BC9-7903-4C89-A96A-4D624568A714}.Release|Mixed Platforms.Build.0 = Release|Windows Mobile 6 Professional SDK (ARMV4I)
		{EABD9BC9-7903-4C89-A96A-4D624568A714}.Release|Mixed Platforms.Deploy.0 = Release|Windows Mobile 6 Professional SDK (ARMV4I)
		{EABD9BC9-7903-4C89-A96A-4D624568A714}.Release|Pocket PC 2003 (ARMV4).ActiveCfg = Release|Pocket PC 2003 (ARMV4)
		{EABD9BC9-7903-4C89-A96A-4D624568A714}.Release|Pocket PC 2003 (ARMV4).Build.0 = Release|Pocket PC 2003 (ARMV4)
		{EABD9BC9-7903-4C89-A96A-4D624568A714}.Release|Pocket PC 2003 (ARMV4).Deploy.0 = Release|Pocket PC 2003 (ARMV4)
		{EABD9BC9-7903-4C89-A96A-4D624568A714}.Release|Win32.ActiveCfg = Release|Windows Mobile 6 Professional SDK (ARMV4I)
		{EABD9BC9-7903-4C89-A96A-4D624568A714}.Release|Windows Mobile 5.0 Pocket PC SDK (ARMV4I).ActiveCfg = Release|Windows Mobile 5.0 Pocket PC SDK (ARMV4I)
		{EABD9BC9-7903-4C89-A96A-4D624568A714}.Release|Windows Mobile 5.0 Pocket PC SDK (ARMV4I).Build.0 = Release|Windows Mobile 5.0 Pocket PC SDK (ARMV4I)
		{EABD9BC9-7903-4C89-A96A-4D624568A714}.Release|Windows Mobile 5.0 Pocket PC SDK (ARMV4I).Deploy.0 = Release|Windows Mobile 5.0 Pocket PC SDK (ARMV4I)
		{EABD9BC9-7903-4C89-A96A-4D624568A714}.Release|Windows Mobile 5.0 Smartphone SDK (ARMV4I).ActiveCfg = Release|Windows Mobile 5.0 Pocket PC SDK (ARMV4I)
		{EABD9BC9-7903-4C89-A96A-4D624568A714}.Release|Windows Mobile 6 Professional SDK (ARMV4I).ActiveCfg = Release|Windows Mobile 6 Professional SDK (ARMV4I)
		{EABD9BC9-7903-4C89-A96A-4D624568A714}.Release|Windows Mobile 6 Professional SDK (ARMV4I).Build.0 = Release|Windows Mobile 6 Professional SDK (ARMV4I)
		{EABD9BC9-7903-4C89-A96A-4D624568A714}.Release|Windows Mobile 6 Professional SDK (ARMV4I).Deploy.0 = Release|Windows Mobile 6 Professional SDK (ARMV4I)
		{EABD9BC9-7903-4C89-A96A-4D624568A714}.Release|Windows Mobile 6 Standard SDK (ARMV4I).ActiveCfg = Release|Windows Mobile 6 Professional SDK (ARMV4I)
	EndGlobalSection
	GlobalSection(SolutionProperties) = preSolution
		HideSolutionNode = FALSE
	EndGlobalSection
EndGlobal
